{
  "name": "portfolio-blog",
  "lockfileVersion": 3,
  "requires": true,
  "packages": {
    "": {
      "dependencies": {
        "fastify-plugin": "^5.0.1"
      }
    },
    "node_modules/fastify-plugin": {
      "version": "5.0.1",
      "resolved": "https://registry.npmjs.org/fastify-plugin/-/fastify-plugin-5.0.1.tgz",
      "integrity": "sha512-HCxs+YnRaWzCl+cWRYFnHmeRFyR5GVnJTAaCJQiYzQSDwK9MgJdyAsuL3nh0EWRCYMgQ5MeziymvmAhUHYHDUQ==",
      "license": "MIT"
    }
  }
}
